
Microsoft Visual Studio Solution File, Format Version 12.00
# Visual Studio Version 16
VisualStudioVersion = 16.0.30717.126
MinimumVisualStudioVersion = 10.0.40219.1
Project("{FAE04EC0-301F-11D3-BF4B-00C04F79EFBC}") = "4x4 iks oks", "4x4 iks oks\4x4 iks oks.csproj", "{DD710082-AF0F-46D9-81DB-B09CEF40CCF9}"
EndProject
Global
	GlobalSection(SolutionConfigurationPlatforms) = preSolution
		Debug|Any CPU = Debug|Any CPU
		Release|Any CPU = Release|Any CPU
	EndGlobalSection
	GlobalSection(ProjectConfigurationPlatforms) = postSolution
		{DD710082-AF0F-46D9-81DB-B09CEF40CCF9}.Debug|Any CPU.ActiveCfg = Debug|Any CPU
		{DD710082-AF0F-46D9-81DB-B09CEF40CCF9}.Debug|Any CPU.Build.0 = Debug|Any CPU
		{DD710082-AF0F-46D9-81DB-B09CEF40CCF9}.Release|Any CPU.ActiveCfg = Release|Any CPU
		{DD710082-AF0F-46D9-81DB-B09CEF40CCF9}.Release|Any CPU.Build.0 = Release|Any CPU
	EndGlobalSection
	GlobalSection(SolutionProperties) = preSolution
		HideSolutionNode = FALSE
	EndGlobalSection
	GlobalSection(ExtensibilityGlobals) = postSolution
		SolutionGuid = {285B5564-488D-47AE-86DD-EC9690A92653}
	EndGlobalSection
EndGlobal
